
Microsoft Visual Studio Solution File, Format Version 12.00
# Visual Studio Version 16
VisualStudioVersion = 16.0.31112.23
MinimumVisualStudioVersion = 10.0.40219.1
Project("{2150E333-8FDC-42A3-9474-1A3956D46DE8}") = "Core", "Core", "{790DC9A0-D774-4A5B-8580-BF407200AEAF}"
EndProject
Project("{2150E333-8FDC-42A3-9474-1A3956D46DE8}") = "Infrastructure", "Infrastructure", "{11990DFB-08E7-4673-8783-412D1952774E}"
EndProject
Project("{2150E333-8FDC-42A3-9474-1A3956D46DE8}") = "RestApi", "RestApi", "{18C67235-E3FB-4BCF-BA33-09C63DA91EEF}"
EndProject
Project("{2150E333-8FDC-42A3-9474-1A3956D46DE8}") = "Core Entities", "Core Entities", "{39D21852-A769-4F5A-9CE8-0341CA36D112}"
EndProject
Project("{2150E333-8FDC-42A3-9474-1A3956D46DE8}") = "Test", "Test", "{30E932F0-B784-43F3-AC10-335BE5CDD9DF}"
EndProject
Project("{9A19103F-16F7-4668-BE54-9A1E7A4F7556}") = "SafCos.Core", "SafCosCore\SafCos.Core.csproj", "{C46D066E-9D5C-4EBD-B940-7440C4D1ED91}"
EndProject
Project("{9A19103F-16F7-4668-BE54-9A1E7A4F7556}") = "SafCos.Core.Entities", "SafCos.Core.Entities\SafCos.Core.Entities.csproj", "{04269C30-D99A-49AB-8563-EF305DE72763}"
EndProject
Project("{9A19103F-16F7-4668-BE54-9A1E7A4F7556}") = "Infra.SQL.Data", "Infra.SQL.Data\Infra.SQL.Data.csproj", "{77E0E288-ECEE-43D5-99D3-7932D29B4C5B}"
EndProject
Project("{9A19103F-16F7-4668-BE54-9A1E7A4F7556}") = "SafCos.WebApi", "WebApplication1\SafCos.WebApi.csproj", "{74563B21-ACC2-4E3C-B1A8-DFABCA4A79C4}"
EndProject
Project("{2150E333-8FDC-42A3-9474-1A3956D46DE8}") = "Solution Items", "Solution Items", "{CBB1FE24-9BA9-4026-8926-637F09AEAFED}"
	ProjectSection(SolutionItems) = preProject
		.editorconfig = .editorconfig
	EndProjectSection
EndProject
Project("{FAE04EC0-301F-11D3-BF4B-00C04F79EFBC}") = "UnitTests", "UnitTests\UnitTests.csproj", "{D8615584-74D1-41D9-84B4-B6574E8B7C9C}"
EndProject
Global
	GlobalSection(SolutionConfigurationPlatforms) = preSolution
		Debug|Any CPU = Debug|Any CPU
		Release|Any CPU = Release|Any CPU
	EndGlobalSection
	GlobalSection(ProjectConfigurationPlatforms) = postSolution
		{C46D066E-9D5C-4EBD-B940-7440C4D1ED91}.Debug|Any CPU.ActiveCfg = Debug|Any CPU
		{C46D066E-9D5C-4EBD-B940-7440C4D1ED91}.Debug|Any CPU.Build.0 = Debug|Any CPU
		{C46D066E-9D5C-4EBD-B940-7440C4D1ED91}.Release|Any CPU.ActiveCfg = Release|Any CPU
		{C46D066E-9D5C-4EBD-B940-7440C4D1ED91}.Release|Any CPU.Build.0 = Release|Any CPU
		{04269C30-D99A-49AB-8563-EF305DE72763}.Debug|Any CPU.ActiveCfg = Debug|Any CPU
		{04269C30-D99A-49AB-8563-EF305DE72763}.Debug|Any CPU.Build.0 = Debug|Any CPU
		{04269C30-D99A-49AB-8563-EF305DE72763}.Release|Any CPU.ActiveCfg = Release|Any CPU
		{04269C30-D99A-49AB-8563-EF305DE72763}.Release|Any CPU.Build.0 = Release|Any CPU
		{77E0E288-ECEE-43D5-99D3-7932D29B4C5B}.Debug|Any CPU.ActiveCfg = Debug|Any CPU
		{77E0E288-ECEE-43D5-99D3-7932D29B4C5B}.Debug|Any CPU.Build.0 = Debug|Any CPU
		{77E0E288-ECEE-43D5-99D3-7932D29B4C5B}.Release|Any CPU.ActiveCfg = Release|Any CPU
		{77E0E288-ECEE-43D5-99D3-7932D29B4C5B}.Release|Any CPU.Build.0 = Release|Any CPU
		{74563B21-ACC2-4E3C-B1A8-DFABCA4A79C4}.Debug|Any CPU.ActiveCfg = Debug|Any CPU
		{74563B21-ACC2-4E3C-B1A8-DFABCA4A79C4}.Debug|Any CPU.Build.0 = Debug|Any CPU
		{74563B21-ACC2-4E3C-B1A8-DFABCA4A79C4}.Release|Any CPU.ActiveCfg = Release|Any CPU
		{74563B21-ACC2-4E3C-B1A8-DFABCA4A79C4}.Release|Any CPU.Build.0 = Release|Any CPU
		{D8615584-74D1-41D9-84B4-B6574E8B7C9C}.Debug|Any CPU.ActiveCfg = Debug|Any CPU
		{D8615584-74D1-41D9-84B4-B6574E8B7C9C}.Debug|Any CPU.Build.0 = Debug|Any CPU
		{D8615584-74D1-41D9-84B4-B6574E8B7C9C}.Release|Any CPU.ActiveCfg = Release|Any CPU
		{D8615584-74D1-41D9-84B4-B6574E8B7C9C}.Release|Any CPU.Build.0 = Release|Any CPU
	EndGlobalSection
	GlobalSection(SolutionProperties) = preSolution
		HideSolutionNode = FALSE
	EndGlobalSection
	GlobalSection(NestedProjects) = preSolution
		{C46D066E-9D5C-4EBD-B940-7440C4D1ED91} = {790DC9A0-D774-4A5B-8580-BF407200AEAF}
		{04269C30-D99A-49AB-8563-EF305DE72763} = {39D21852-A769-4F5A-9CE8-0341CA36D112}
		{77E0E288-ECEE-43D5-99D3-7932D29B4C5B} = {11990DFB-08E7-4673-8783-412D1952774E}
		{74563B21-ACC2-4E3C-B1A8-DFABCA4A79C4} = {18C67235-E3FB-4BCF-BA33-09C63DA91EEF}
		{D8615584-74D1-41D9-84B4-B6574E8B7C9C} = {30E932F0-B784-43F3-AC10-335BE5CDD9DF}
	EndGlobalSection
	GlobalSection(ExtensibilityGlobals) = postSolution
		SolutionGuid = {C3B44C56-580F-42B8-B79E-E707558EBB51}
	EndGlobalSection
EndGlobal
